
Microsoft Visual Studio Solution File, Format Version 12.00
# Visual Studio 15
VisualStudioVersion = 15.0.28307.271
MinimumVisualStudioVersion = 10.0.40219.1
Project("{FAE04EC0-301F-11D3-BF4B-00C04F79EFBC}") = "TbClct", "TbClct\TbClct.csproj", "{C240A0B2-7988-4680-BCF2-E4C0EA46CB37}"
EndProject
Global
	GlobalSection(SolutionConfigurationPlatforms) = preSolution
		Debug|Any CPU = Debug|Any CPU
		Release|Any CPU = Release|Any CPU
	EndGlobalSection
	GlobalSection(ProjectConfigurationPlatforms) = postSolution
		{C240A0B2-7988-4680-BCF2-E4C0EA46CB37}.Debug|Any CPU.ActiveCfg = Debug|Any CPU
		{C240A0B2-7988-4680-BCF2-E4C0EA46CB37}.Debug|Any CPU.Build.0 = Debug|Any CPU
		{C240A0B2-7988-4680-BCF2-E4C0EA46CB37}.Release|Any CPU.ActiveCfg = Release|Any CPU
		{C240A0B2-7988-4680-BCF2-E4C0EA46CB37}.Release|Any CPU.Build.0 = Release|Any CPU
	EndGlobalSection
	GlobalSection(SolutionProperties) = preSolution
		HideSolutionNode = FALSE
	EndGlobalSection
	GlobalSection(ExtensibilityGlobals) = postSolution
		SolutionGuid = {65F8DA39-6FB9-488B-B1AE-D20ACBCF0016}
	EndGlobalSection
EndGlobal
